
Microsoft Visual Studio Solution File, Format Version 12.00
# Visual Studio Version 17
VisualStudioVersion = 17.4.33213.308
MinimumVisualStudioVersion = 10.0.40219.1
Project("{9A19103F-16F7-4668-BE54-9A1E7A4F7556}") = "VL.Core", "VL.Core\src\VL.Core.csproj", "{CC0E82E3-0816-4DC0-B2D9-F4D8E37908E9}"
EndProject
Project("{2150E333-8FDC-42A3-9474-1A3956D46DE8}") = "Solution Items", "Solution Items", "{C99F65D1-FE1D-496E-88A3-E61A43090B52}"
	ProjectSection(SolutionItems) = preProject
		Directory.Packages.props = Directory.Packages.props
	EndProjectSection
EndProject
Project("{9A19103F-16F7-4668-BE54-9A1E7A4F7556}") = "VL.CoreLib", "VL.CoreLib\src\VL.CoreLib.csproj", "{88ACFDB7-1133-4319-8CCB-F308946044E2}"
EndProject
Project("{9A19103F-16F7-4668-BE54-9A1E7A4F7556}") = "VL.CoreLib.Windows", "VL.CoreLib.Windows\src\VL.CoreLib.Windows.csproj", "{8EC254A5-B45E-4367-9AD1-9B5285981828}"
EndProject
Project("{9A19103F-16F7-4668-BE54-9A1E7A4F7556}") = "VL.EditingFramework", "VL.EditingFramework\src\VL.EditingFramework.csproj", "{2FDD516B-1D54-4A9D-8708-BABFF872E3A4}"
EndProject
Project("{9A19103F-16F7-4668-BE54-9A1E7A4F7556}") = "VL.EditingFramework.Skia", "VL.EditingFramework.Skia\src\VL.EditingFramework.Skia.csproj", "{19B13D1E-B0D3-4360-AF9B-6AA88E03958E}"
EndProject
Project("{9A19103F-16F7-4668-BE54-9A1E7A4F7556}") = "VL.Fundamentals", "VL.Fundamentals\src\VL.Fundamentals.csproj", "{8BD0B74F-608F-402C-ABC2-99BE7025108A}"
EndProject
Project("{9A19103F-16F7-4668-BE54-9A1E7A4F7556}") = "VL.ImGui", "VL.ImGui\src\VL.ImGui.csproj", "{738EBAB5-174E-45EF-A124-53106392F106}"
EndProject
Project("{9A19103F-16F7-4668-BE54-9A1E7A4F7556}") = "VL.ImGui.Generator", "VL.ImGui.Generator\VL.ImGui.Generator.csproj", "{DC4E1320-BAD0-44D4-8CED-4AD06585AE7D}"
EndProject
Project("{9A19103F-16F7-4668-BE54-9A1E7A4F7556}") = "VL.ImGui.Skia", "VL.ImGui.Skia\src\VL.ImGui.Skia.csproj", "{5A1D339E-64D2-4D39-9021-A7A6AC9020A4}"
EndProject
Project("{9A19103F-16F7-4668-BE54-9A1E7A4F7556}") = "VL.Skia", "VL.Skia\src\VL.Skia.csproj", "{CE79D21F-93F8-4786-AC5A-FC06A1B92D71}"
EndProject
Project("{2150E333-8FDC-42A3-9474-1A3956D46DE8}") = "imgui", "imgui", "{ED406C41-EFC8-4C70-AB19-1DC94B2E5A04}"
EndProject
Project("{2150E333-8FDC-42A3-9474-1A3956D46DE8}") = "stride", "stride", "{51AD13C4-F159-4DEB-9548-7CD4E18F9CC3}"
EndProject
Project("{9A19103F-16F7-4668-BE54-9A1E7A4F7556}") = "VL.Stride.DefaultAssets", "VL.Stride.DefaultAssets\VL.Stride.DefaultAssets.csproj", "{F02F6EE1-35B7-4B95-B8DB-16BE778DE4E0}"
EndProject
Project("{9A19103F-16F7-4668-BE54-9A1E7A4F7556}") = "VL.Stride.Runtime", "VL.Stride.Runtime\src\VL.Stride.Runtime.csproj", "{372E8867-F90B-4D86-B236-D047EBBFE41B}"
EndProject
Project("{9A19103F-16F7-4668-BE54-9A1E7A4F7556}") = "VL.Stride.Tests", "VL.Stride.Tests\src\VL.Stride.Tests.csproj", "{C193A5FC-F12F-4C42-8A0E-E1C3118DB463}"
EndProject
Project("{9A19103F-16F7-4668-BE54-9A1E7A4F7556}") = "VL.Stride.Windows", "VL.Stride.Windows\src\VL.Stride.Windows.csproj", "{536A9643-821A-42A1-88F3-96A86B0EB8C7}"
EndProject
Project("{9A19103F-16F7-4668-BE54-9A1E7A4F7556}") = "VL.Stride.HDE", "VL.Stride.HDE\src\VL.Stride.HDE.csproj", "{EB9C2708-6673-4F66-BBEF-90907A945C73}"
EndProject
Global
	GlobalSection(SolutionConfigurationPlatforms) = preSolution
		Debug|Any CPU = Debug|Any CPU
		Release|Any CPU = Release|Any CPU
	EndGlobalSection
	GlobalSection(ProjectConfigurationPlatforms) = postSolution
		{CC0E82E3-0816-4DC0-B2D9-F4D8E37908E9}.Debug|Any CPU.ActiveCfg = Debug|Any CPU
		{CC0E82E3-0816-4DC0-B2D9-F4D8E37908E9}.Debug|Any CPU.Build.0 = Debug|Any CPU
		{CC0E82E3-0816-4DC0-B2D9-F4D8E37908E9}.Release|Any CPU.ActiveCfg = Release|Any CPU
		{CC0E82E3-0816-4DC0-B2D9-F4D8E37908E9}.Release|Any CPU.Build.0 = Release|Any CPU
		{88ACFDB7-1133-4319-8CCB-F308946044E2}.Debug|Any CPU.ActiveCfg = Debug|Any CPU
		{88ACFDB7-1133-4319-8CCB-F308946044E2}.Debug|Any CPU.Build.0 = Debug|Any CPU
		{88ACFDB7-1133-4319-8CCB-F308946044E2}.Release|Any CPU.ActiveCfg = Release|Any CPU
		{88ACFDB7-1133-4319-8CCB-F308946044E2}.Release|Any CPU.Build.0 = Release|Any CPU
		{8EC254A5-B45E-4367-9AD1-9B5285981828}.Debug|Any CPU.ActiveCfg = Debug|Any CPU
		{8EC254A5-B45E-4367-9AD1-9B5285981828}.Debug|Any CPU.Build.0 = Debug|Any CPU
		{8EC254A5-B45E-4367-9AD1-9B5285981828}.Release|Any CPU.ActiveCfg = Release|Any CPU
		{8EC254A5-B45E-4367-9AD1-9B5285981828}.Release|Any CPU.Build.0 = Release|Any CPU
		{2FDD516B-1D54-4A9D-8708-BABFF872E3A4}.Debug|Any CPU.ActiveCfg = Debug|Any CPU
		{2FDD516B-1D54-4A9D-8708-BABFF872E3A4}.Debug|Any CPU.Build.0 = Debug|Any CPU
		{2FDD516B-1D54-4A9D-8708-BABFF872E3A4}.Release|Any CPU.ActiveCfg = Release|Any CPU
		{2FDD516B-1D54-4A9D-8708-BABFF872E3A4}.Release|Any CPU.Build.0 = Release|Any CPU
		{19B13D1E-B0D3-4360-AF9B-6AA88E03958E}.Debug|Any CPU.ActiveCfg = Debug|Any CPU
		{19B13D1E-B0D3-4360-AF9B-6AA88E03958E}.Debug|Any CPU.Build.0 = Debug|Any CPU
		{19B13D1E-B0D3-4360-AF9B-6AA88E03958E}.Release|Any CPU.ActiveCfg = Release|Any CPU
		{19B13D1E-B0D3-4360-AF9B-6AA88E03958E}.Release|Any CPU.Build.0 = Release|Any CPU
		{8BD0B74F-608F-402C-ABC2-99BE7025108A}.Debug|Any CPU.ActiveCfg = Debug|Any CPU
		{8BD0B74F-608F-402C-ABC2-99BE7025108A}.Debug|Any CPU.Build.0 = Debug|Any CPU
		{8BD0B74F-608F-402C-ABC2-99BE7025108A}.Release|Any CPU.ActiveCfg = Release|Any CPU
		{8BD0B74F-608F-402C-ABC2-99BE7025108A}.Release|Any CPU.Build.0 = Release|Any CPU
		{738EBAB5-174E-45EF-A124-53106392F106}.Debug|Any CPU.ActiveCfg = Debug|Any CPU
		{738EBAB5-174E-45EF-A124-53106392F106}.Debug|Any CPU.Build.0 = Debug|Any CPU
		{738EBAB5-174E-45EF-A124-53106392F106}.Release|Any CPU.ActiveCfg = Release|Any CPU
		{738EBAB5-174E-45EF-A124-53106392F106}.Release|Any CPU.Build.0 = Release|Any CPU
		{DC4E1320-BAD0-44D4-8CED-4AD06585AE7D}.Debug|Any CPU.ActiveCfg = Debug|Any CPU
		{DC4E1320-BAD0-44D4-8CED-4AD06585AE7D}.Debug|Any CPU.Build.0 = Debug|Any CPU
		{DC4E1320-BAD0-44D4-8CED-4AD06585AE7D}.Release|Any CPU.ActiveCfg = Release|Any CPU
		{DC4E1320-BAD0-44D4-8CED-4AD06585AE7D}.Release|Any CPU.Build.0 = Release|Any CPU
		{5A1D339E-64D2-4D39-9021-A7A6AC9020A4}.Debug|Any CPU.ActiveCfg = Debug|Any CPU
		{5A1D339E-64D2-4D39-9021-A7A6AC9020A4}.Debug|Any CPU.Build.0 = Debug|Any CPU
		{5A1D339E-64D2-4D39-9021-A7A6AC9020A4}.Release|Any CPU.ActiveCfg = Release|Any CPU
		{5A1D339E-64D2-4D39-9021-A7A6AC9020A4}.Release|Any CPU.Build.0 = Release|Any CPU
		{CE79D21F-93F8-4786-AC5A-FC06A1B92D71}.Debug|Any CPU.ActiveCfg = Debug|Any CPU
		{CE79D21F-93F8-4786-AC5A-FC06A1B92D71}.Debug|Any CPU.Build.0 = Debug|Any CPU
		{CE79D21F-93F8-4786-AC5A-FC06A1B92D71}.Release|Any CPU.ActiveCfg = Release|Any CPU
		{CE79D21F-93F8-4786-AC5A-FC06A1B92D71}.Release|Any CPU.Build.0 = Release|Any CPU
		{F02F6EE1-35B7-4B95-B8DB-16BE778DE4E0}.Debug|Any CPU.ActiveCfg = Debug|Any CPU
		{F02F6EE1-35B7-4B95-B8DB-16BE778DE4E0}.Debug|Any CPU.Build.0 = Debug|Any CPU
		{F02F6EE1-35B7-4B95-B8DB-16BE778DE4E0}.Release|Any CPU.ActiveCfg = Release|Any CPU
		{F02F6EE1-35B7-4B95-B8DB-16BE778DE4E0}.Release|Any CPU.Build.0 = Release|Any CPU
		{372E8867-F90B-4D86-B236-D047EBBFE41B}.Debug|Any CPU.ActiveCfg = Debug|Any CPU
		{372E8867-F90B-4D86-B236-D047EBBFE41B}.Debug|Any CPU.Build.0 = Debug|Any CPU
		{372E8867-F90B-4D86-B236-D047EBBFE41B}.Release|Any CPU.ActiveCfg = Release|Any CPU
		{372E8867-F90B-4D86-B236-D047EBBFE41B}.Release|Any CPU.Build.0 = Release|Any CPU
		{C193A5FC-F12F-4C42-8A0E-E1C3118DB463}.Debug|Any CPU.ActiveCfg = Debug|Any CPU
		{C193A5FC-F12F-4C42-8A0E-E1C3118DB463}.Debug|Any CPU.Build.0 = Debug|Any CPU
		{C193A5FC-F12F-4C42-8A0E-E1C3118DB463}.Release|Any CPU.ActiveCfg = Release|Any CPU
		{C193A5FC-F12F-4C42-8A0E-E1C3118DB463}.Release|Any CPU.Build.0 = Release|Any CPU
		{536A9643-821A-42A1-88F3-96A86B0EB8C7}.Debug|Any CPU.ActiveCfg = Debug|Any CPU
		{536A9643-821A-42A1-88F3-96A86B0EB8C7}.Debug|Any CPU.Build.0 = Debug|Any CPU
		{536A9643-821A-42A1-88F3-96A86B0EB8C7}.Release|Any CPU.ActiveCfg = Release|Any CPU
		{536A9643-821A-42A1-88F3-96A86B0EB8C7}.Release|Any CPU.Build.0 = Release|Any CPU
		{EB9C2708-6673-4F66-BBEF-90907A945C73}.Debug|Any CPU.ActiveCfg = Debug|Any CPU
		{EB9C2708-6673-4F66-BBEF-90907A945C73}.Debug|Any CPU.Build.0 = Debug|Any CPU
		{EB9C2708-6673-4F66-BBEF-90907A945C73}.Release|Any CPU.ActiveCfg = Release|Any CPU
		{EB9C2708-6673-4F66-BBEF-90907A945C73}.Release|Any CPU.Build.0 = Release|Any CPU
	EndGlobalSection
	GlobalSection(SolutionProperties) = preSolution
		HideSolutionNode = FALSE
	EndGlobalSection
	GlobalSection(NestedProjects) = preSolution
		{738EBAB5-174E-45EF-A124-53106392F106} = {ED406C41-EFC8-4C70-AB19-1DC94B2E5A04}
		{DC4E1320-BAD0-44D4-8CED-4AD06585AE7D} = {ED406C41-EFC8-4C70-AB19-1DC94B2E5A04}
		{5A1D339E-64D2-4D39-9021-A7A6AC9020A4} = {ED406C41-EFC8-4C70-AB19-1DC94B2E5A04}
		{F02F6EE1-35B7-4B95-B8DB-16BE778DE4E0} = {51AD13C4-F159-4DEB-9548-7CD4E18F9CC3}
		{372E8867-F90B-4D86-B236-D047EBBFE41B} = {51AD13C4-F159-4DEB-9548-7CD4E18F9CC3}
		{C193A5FC-F12F-4C42-8A0E-E1C3118DB463} = {51AD13C4-F159-4DEB-9548-7CD4E18F9CC3}
		{536A9643-821A-42A1-88F3-96A86B0EB8C7} = {51AD13C4-F159-4DEB-9548-7CD4E18F9CC3}
		{EB9C2708-6673-4F66-BBEF-90907A945C73} = {51AD13C4-F159-4DEB-9548-7CD4E18F9CC3}
	EndGlobalSection
	GlobalSection(ExtensibilityGlobals) = postSolution
		SolutionGuid = {B63A603C-4858-49FB-AAEA-C11100FB980B}
	EndGlobalSection
EndGlobal
