
Microsoft Visual Studio Solution File, Format Version 12.00
# Visual Studio Version 17
VisualStudioVersion = 17.4.33213.308
MinimumVisualStudioVersion = 10.0.40219.1
Project("{9A19103F-16F7-4668-BE54-9A1E7A4F7556}") = "VL.Core", "VL.Core\src\VL.Core.csproj", "{CC0E82E3-0816-4DC0-B2D9-F4D8E37908E9}"
EndProject
Project("{2150E333-8FDC-42A3-9474-1A3956D46DE8}") = "__Solution Items", "__Solution Items", "{C99F65D1-FE1D-496E-88A3-E61A43090B52}"
	ProjectSection(SolutionItems) = preProject
		.gitattributes = .gitattributes
		.gitignore = .gitignore
		.gitmodules = .gitmodules
		Directory.Build.props = Directory.Build.props
		Directory.Build.targets = Directory.Build.targets
		Directory.Packages.props = Directory.Packages.props
		LICENSE = LICENSE
		NuGet.config = NuGet.config
		README.md = README.md
		TODO.txt = TODO.txt
	EndProjectSection
EndProject
Project("{9A19103F-16F7-4668-BE54-9A1E7A4F7556}") = "VL.CoreLib", "VL.CoreLib\src\VL.CoreLib.csproj", "{88ACFDB7-1133-4319-8CCB-F308946044E2}"
EndProject
Project("{9A19103F-16F7-4668-BE54-9A1E7A4F7556}") = "VL.CoreLib.Windows", "VL.CoreLib.Windows\src\VL.CoreLib.Windows.csproj", "{8EC254A5-B45E-4367-9AD1-9B5285981828}"
EndProject
Project("{9A19103F-16F7-4668-BE54-9A1E7A4F7556}") = "VL.EditingFramework", "VL.EditingFramework\src\VL.EditingFramework.csproj", "{2FDD516B-1D54-4A9D-8708-BABFF872E3A4}"
EndProject
Project("{9A19103F-16F7-4668-BE54-9A1E7A4F7556}") = "VL.EditingFramework.Skia", "VL.EditingFramework.Skia\src\VL.EditingFramework.Skia.csproj", "{19B13D1E-B0D3-4360-AF9B-6AA88E03958E}"
EndProject
Project("{9A19103F-16F7-4668-BE54-9A1E7A4F7556}") = "VL.Fundamentals", "VL.Fundamentals\src\VL.Fundamentals.csproj", "{8BD0B74F-608F-402C-ABC2-99BE7025108A}"
EndProject
Project("{9A19103F-16F7-4668-BE54-9A1E7A4F7556}") = "VL.ImGui", "VL.ImGui\src\VL.ImGui.csproj", "{738EBAB5-174E-45EF-A124-53106392F106}"
EndProject
Project("{9A19103F-16F7-4668-BE54-9A1E7A4F7556}") = "VL.ImGui.Generator", "VL.ImGui.Generator\VL.ImGui.Generator.csproj", "{DC4E1320-BAD0-44D4-8CED-4AD06585AE7D}"
EndProject
Project("{9A19103F-16F7-4668-BE54-9A1E7A4F7556}") = "VL.ImGui.Skia", "VL.ImGui.Skia\src\VL.ImGui.Skia.csproj", "{5A1D339E-64D2-4D39-9021-A7A6AC9020A4}"
EndProject
Project("{9A19103F-16F7-4668-BE54-9A1E7A4F7556}") = "VL.Skia", "VL.Skia\src\VL.Skia.csproj", "{CE79D21F-93F8-4786-AC5A-FC06A1B92D71}"
EndProject
Project("{2150E333-8FDC-42A3-9474-1A3956D46DE8}") = "imgui", "imgui", "{ED406C41-EFC8-4C70-AB19-1DC94B2E5A04}"
EndProject
Project("{2150E333-8FDC-42A3-9474-1A3956D46DE8}") = "stride", "stride", "{51AD13C4-F159-4DEB-9548-7CD4E18F9CC3}"
EndProject
Project("{9A19103F-16F7-4668-BE54-9A1E7A4F7556}") = "VL.Stride.DefaultAssets", "VL.Stride.DefaultAssets\VL.Stride.DefaultAssets.csproj", "{F02F6EE1-35B7-4B95-B8DB-16BE778DE4E0}"
EndProject
Project("{9A19103F-16F7-4668-BE54-9A1E7A4F7556}") = "VL.Stride.Runtime", "VL.Stride.Runtime\src\VL.Stride.Runtime.csproj", "{372E8867-F90B-4D86-B236-D047EBBFE41B}"
EndProject
Project("{9A19103F-16F7-4668-BE54-9A1E7A4F7556}") = "VL.Stride.Windows", "VL.Stride.Windows\src\VL.Stride.Windows.csproj", "{536A9643-821A-42A1-88F3-96A86B0EB8C7}"
EndProject
Project("{9A19103F-16F7-4668-BE54-9A1E7A4F7556}") = "VL.Stride.HDE", "VL.Stride.HDE\src\VL.Stride.HDE.csproj", "{EB9C2708-6673-4F66-BBEF-90907A945C73}"
EndProject
Project("{9A19103F-16F7-4668-BE54-9A1E7A4F7556}") = "VL.Stride", "VL.Stride\src\VL.Stride.csproj", "{3C536E19-278A-473C-BF09-6745BA38A46C}"
EndProject
Project("{9A19103F-16F7-4668-BE54-9A1E7A4F7556}") = "VL.Core.Skia", "VL.Core.Skia\VL.Core.Skia.csproj", "{EB0DADC4-D763-4FDE-869D-4A5CDB1EC1DD}"
EndProject
Project("{9A19103F-16F7-4668-BE54-9A1E7A4F7556}") = "all", "build\all\all.csproj", "{5C6638FE-95BD-4CAA-B267-15E418C75A3F}"
EndProject
Project("{2150E333-8FDC-42A3-9474-1A3956D46DE8}") = "core", "core", "{5E301EB3-5AD0-4857-A05F-79284145D34D}"
EndProject
Project("{2150E333-8FDC-42A3-9474-1A3956D46DE8}") = "corelib", "corelib", "{A12F2B06-8AEB-45ED-9246-8FBDBF401AFD}"
EndProject
Project("{2150E333-8FDC-42A3-9474-1A3956D46DE8}") = "skia", "skia", "{A96C58A8-647F-4CA3-A78A-D6F9A25F35CB}"
EndProject
Project("{2150E333-8FDC-42A3-9474-1A3956D46DE8}") = "editingframework", "editingframework", "{5B678F19-61D6-4CBD-A055-9F0A6103F3D8}"
EndProject
Project("{2150E333-8FDC-42A3-9474-1A3956D46DE8}") = "documentation", "documentation", "{AC7BA8F9-A6E5-408F-A879-D1223EB2AC30}"
EndProject
Project("{2150E333-8FDC-42A3-9474-1A3956D46DE8}") = "others", "others", "{F964B103-A85D-4894-89E8-E3835D02ACAD}"
EndProject
Project("{9A19103F-16F7-4668-BE54-9A1E7A4F7556}") = "VL.FuzzySearch", "VL.FuzzySearch\src\VL.FuzzySearch.csproj", "{604A0A9E-5305-43DB-BF17-1D051DF4E393}"
EndProject
Project("{9A19103F-16F7-4668-BE54-9A1E7A4F7556}") = "VL.Video", "VL.Video\src\VL.Video.csproj", "{5A45A988-8933-40A3-9003-72C0A568BE7B}"
EndProject
Project("{9A19103F-16F7-4668-BE54-9A1E7A4F7556}") = "VL.Core.Skia.Windows", "VL.Core.Skia.Windows\VL.Core.Skia.Windows.csproj", "{1EA9A753-17F2-4E14-B598-38EBE6B4E3A0}"
EndProject
Project("{2150E333-8FDC-42A3-9474-1A3956D46DE8}") = "redis", "redis", "{8DF7966E-52BD-4846-829C-30045B345913}"
EndProject
Project("{9A19103F-16F7-4668-BE54-9A1E7A4F7556}") = "VL.IO.Redis", "VL.IO.Redis\src\VL.IO.Redis.csproj", "{B9EEC8FC-D473-4477-8E51-3A249B67C50D}"
EndProject
Project("{9A19103F-16F7-4668-BE54-9A1E7A4F7556}") = "VL.LogView", "VL.LogView\src\VL.LogView.csproj", "{34EE1033-B088-4E60-8BBB-74E85289EEFA}"
EndProject
Project("{2150E333-8FDC-42A3-9474-1A3956D46DE8}") = "serialization", "serialization", "{631EEE8D-C0CB-437C-B7F1-F97C9BC28BCF}"
EndProject
Project("{9A19103F-16F7-4668-BE54-9A1E7A4F7556}") = "VL.Serialization.MessagePack", "VL.Serialization.MessagePack\src\VL.Serialization.MessagePack.csproj", "{B2DCE99A-7D4C-4079-A3AA-27252967EB6F}"
EndProject
Project("{9A19103F-16F7-4668-BE54-9A1E7A4F7556}") = "VL.Serialization.Raw", "VL.Serialization.Raw\src\VL.Serialization.Raw.csproj", "{93DD32A8-575F-455B-915A-998E7399730E}"
EndProject
Project("{9A19103F-16F7-4668-BE54-9A1E7A4F7556}") = "VL.Stride.TextureFX", "VL.Stride.TextureFX\src\VL.Stride.TextureFX.csproj", "{F9F8433C-759A-42E0-945F-3B8C687151AF}"
EndProject
Project("{9A19103F-16F7-4668-BE54-9A1E7A4F7556}") = "VL.Serialization.FSPickler", "VL.Serialization.FSPickler\src\VL.Serialization.FSPickler.csproj", "{797E2432-C36D-497E-A44C-A328200D32A3}"
EndProject
Project("{6EC3EE1D-3C4E-46DD-8F32-0CC8E7565705}") = "VL.Serialization.FSPickler.FSharp", "VL.Serialization.FSPickler.FSharp\VL.Serialization.FSPickler.FSharp.fsproj", "{2C5B9824-1606-4C3D-A315-CA1FF4274B73}"
EndProject
Project("{9A19103F-16F7-4668-BE54-9A1E7A4F7556}") = "VL.TPL.Dataflow", "VL.TPL.Dataflow\src\VL.TPL.Dataflow.csproj", "{54E94A1E-2AB5-4AC2-A96D-E919E330E96F}"
EndProject
Project("{9A19103F-16F7-4668-BE54-9A1E7A4F7556}") = "VL.Core.Commands", "VL.Core.Commands\src\VL.Core.Commands.csproj", "{DEEA2582-1136-4A67-8949-B8443DF558FE}"
EndProject
Project("{9A19103F-16F7-4668-BE54-9A1E7A4F7556}") = "VL.Stride.Runtime.Nodes", "VL.Stride.Runtime.Nodes\src\VL.Stride.Runtime.Nodes.csproj", "{6C5A07E8-D01E-4876-9D82-26328FA7A310}"
EndProject
Project("{9A19103F-16F7-4668-BE54-9A1E7A4F7556}") = "VL.ImGui.Stride", "VL.ImGui.Stride\src\VL.ImGui.Stride.csproj", "{23F20A45-BF52-4DC9-B921-52494943AD64}"
EndProject
Project("{9A19103F-16F7-4668-BE54-9A1E7A4F7556}") = "VL.Core.Tests", "VL.Core\tests\VL.Core.Tests.csproj", "{05CDAF38-843C-4357-875C-560D6C3E5F3D}"
EndProject
Global
	GlobalSection(SolutionConfigurationPlatforms) = preSolution
		Debug|Any CPU = Debug|Any CPU
		Release|Any CPU = Release|Any CPU
	EndGlobalSection
	GlobalSection(ProjectConfigurationPlatforms) = postSolution
		{CC0E82E3-0816-4DC0-B2D9-F4D8E37908E9}.Debug|Any CPU.ActiveCfg = Debug|Any CPU
		{CC0E82E3-0816-4DC0-B2D9-F4D8E37908E9}.Debug|Any CPU.Build.0 = Debug|Any CPU
		{CC0E82E3-0816-4DC0-B2D9-F4D8E37908E9}.Release|Any CPU.ActiveCfg = Release|Any CPU
		{CC0E82E3-0816-4DC0-B2D9-F4D8E37908E9}.Release|Any CPU.Build.0 = Release|Any CPU
		{88ACFDB7-1133-4319-8CCB-F308946044E2}.Debug|Any CPU.ActiveCfg = Debug|Any CPU
		{88ACFDB7-1133-4319-8CCB-F308946044E2}.Debug|Any CPU.Build.0 = Debug|Any CPU
		{88ACFDB7-1133-4319-8CCB-F308946044E2}.Release|Any CPU.ActiveCfg = Release|Any CPU
		{88ACFDB7-1133-4319-8CCB-F308946044E2}.Release|Any CPU.Build.0 = Release|Any CPU
		{8EC254A5-B45E-4367-9AD1-9B5285981828}.Debug|Any CPU.ActiveCfg = Debug|Any CPU
		{8EC254A5-B45E-4367-9AD1-9B5285981828}.Debug|Any CPU.Build.0 = Debug|Any CPU
		{8EC254A5-B45E-4367-9AD1-9B5285981828}.Release|Any CPU.ActiveCfg = Release|Any CPU
		{8EC254A5-B45E-4367-9AD1-9B5285981828}.Release|Any CPU.Build.0 = Release|Any CPU
		{2FDD516B-1D54-4A9D-8708-BABFF872E3A4}.Debug|Any CPU.ActiveCfg = Debug|Any CPU
		{2FDD516B-1D54-4A9D-8708-BABFF872E3A4}.Debug|Any CPU.Build.0 = Debug|Any CPU
		{2FDD516B-1D54-4A9D-8708-BABFF872E3A4}.Release|Any CPU.ActiveCfg = Release|Any CPU
		{2FDD516B-1D54-4A9D-8708-BABFF872E3A4}.Release|Any CPU.Build.0 = Release|Any CPU
		{19B13D1E-B0D3-4360-AF9B-6AA88E03958E}.Debug|Any CPU.ActiveCfg = Debug|Any CPU
		{19B13D1E-B0D3-4360-AF9B-6AA88E03958E}.Debug|Any CPU.Build.0 = Debug|Any CPU
		{19B13D1E-B0D3-4360-AF9B-6AA88E03958E}.Release|Any CPU.ActiveCfg = Release|Any CPU
		{19B13D1E-B0D3-4360-AF9B-6AA88E03958E}.Release|Any CPU.Build.0 = Release|Any CPU
		{8BD0B74F-608F-402C-ABC2-99BE7025108A}.Debug|Any CPU.ActiveCfg = Debug|Any CPU
		{8BD0B74F-608F-402C-ABC2-99BE7025108A}.Debug|Any CPU.Build.0 = Debug|Any CPU
		{8BD0B74F-608F-402C-ABC2-99BE7025108A}.Release|Any CPU.ActiveCfg = Release|Any CPU
		{8BD0B74F-608F-402C-ABC2-99BE7025108A}.Release|Any CPU.Build.0 = Release|Any CPU
		{738EBAB5-174E-45EF-A124-53106392F106}.Debug|Any CPU.ActiveCfg = Debug|Any CPU
		{738EBAB5-174E-45EF-A124-53106392F106}.Debug|Any CPU.Build.0 = Debug|Any CPU
		{738EBAB5-174E-45EF-A124-53106392F106}.Release|Any CPU.ActiveCfg = Release|Any CPU
		{738EBAB5-174E-45EF-A124-53106392F106}.Release|Any CPU.Build.0 = Release|Any CPU
		{DC4E1320-BAD0-44D4-8CED-4AD06585AE7D}.Debug|Any CPU.ActiveCfg = Debug|Any CPU
		{DC4E1320-BAD0-44D4-8CED-4AD06585AE7D}.Debug|Any CPU.Build.0 = Debug|Any CPU
		{DC4E1320-BAD0-44D4-8CED-4AD06585AE7D}.Release|Any CPU.ActiveCfg = Release|Any CPU
		{DC4E1320-BAD0-44D4-8CED-4AD06585AE7D}.Release|Any CPU.Build.0 = Release|Any CPU
		{5A1D339E-64D2-4D39-9021-A7A6AC9020A4}.Debug|Any CPU.ActiveCfg = Debug|Any CPU
		{5A1D339E-64D2-4D39-9021-A7A6AC9020A4}.Debug|Any CPU.Build.0 = Debug|Any CPU
		{5A1D339E-64D2-4D39-9021-A7A6AC9020A4}.Release|Any CPU.ActiveCfg = Release|Any CPU
		{5A1D339E-64D2-4D39-9021-A7A6AC9020A4}.Release|Any CPU.Build.0 = Release|Any CPU
		{CE79D21F-93F8-4786-AC5A-FC06A1B92D71}.Debug|Any CPU.ActiveCfg = Debug|Any CPU
		{CE79D21F-93F8-4786-AC5A-FC06A1B92D71}.Debug|Any CPU.Build.0 = Debug|Any CPU
		{CE79D21F-93F8-4786-AC5A-FC06A1B92D71}.Release|Any CPU.ActiveCfg = Release|Any CPU
		{CE79D21F-93F8-4786-AC5A-FC06A1B92D71}.Release|Any CPU.Build.0 = Release|Any CPU
		{F02F6EE1-35B7-4B95-B8DB-16BE778DE4E0}.Debug|Any CPU.ActiveCfg = Debug|Any CPU
		{F02F6EE1-35B7-4B95-B8DB-16BE778DE4E0}.Debug|Any CPU.Build.0 = Debug|Any CPU
		{F02F6EE1-35B7-4B95-B8DB-16BE778DE4E0}.Release|Any CPU.ActiveCfg = Release|Any CPU
		{F02F6EE1-35B7-4B95-B8DB-16BE778DE4E0}.Release|Any CPU.Build.0 = Release|Any CPU
		{372E8867-F90B-4D86-B236-D047EBBFE41B}.Debug|Any CPU.ActiveCfg = Debug|Any CPU
		{372E8867-F90B-4D86-B236-D047EBBFE41B}.Debug|Any CPU.Build.0 = Debug|Any CPU
		{372E8867-F90B-4D86-B236-D047EBBFE41B}.Release|Any CPU.ActiveCfg = Release|Any CPU
		{372E8867-F90B-4D86-B236-D047EBBFE41B}.Release|Any CPU.Build.0 = Release|Any CPU
		{536A9643-821A-42A1-88F3-96A86B0EB8C7}.Debug|Any CPU.ActiveCfg = Debug|Any CPU
		{536A9643-821A-42A1-88F3-96A86B0EB8C7}.Debug|Any CPU.Build.0 = Debug|Any CPU
		{536A9643-821A-42A1-88F3-96A86B0EB8C7}.Release|Any CPU.ActiveCfg = Release|Any CPU
		{536A9643-821A-42A1-88F3-96A86B0EB8C7}.Release|Any CPU.Build.0 = Release|Any CPU
		{EB9C2708-6673-4F66-BBEF-90907A945C73}.Debug|Any CPU.ActiveCfg = Debug|Any CPU
		{EB9C2708-6673-4F66-BBEF-90907A945C73}.Debug|Any CPU.Build.0 = Debug|Any CPU
		{EB9C2708-6673-4F66-BBEF-90907A945C73}.Release|Any CPU.ActiveCfg = Release|Any CPU
		{EB9C2708-6673-4F66-BBEF-90907A945C73}.Release|Any CPU.Build.0 = Release|Any CPU
		{3C536E19-278A-473C-BF09-6745BA38A46C}.Debug|Any CPU.ActiveCfg = Debug|Any CPU
		{3C536E19-278A-473C-BF09-6745BA38A46C}.Debug|Any CPU.Build.0 = Debug|Any CPU
		{3C536E19-278A-473C-BF09-6745BA38A46C}.Release|Any CPU.ActiveCfg = Release|Any CPU
		{3C536E19-278A-473C-BF09-6745BA38A46C}.Release|Any CPU.Build.0 = Release|Any CPU
		{EB0DADC4-D763-4FDE-869D-4A5CDB1EC1DD}.Debug|Any CPU.ActiveCfg = Debug|Any CPU
		{EB0DADC4-D763-4FDE-869D-4A5CDB1EC1DD}.Debug|Any CPU.Build.0 = Debug|Any CPU
		{EB0DADC4-D763-4FDE-869D-4A5CDB1EC1DD}.Release|Any CPU.ActiveCfg = Release|Any CPU
		{EB0DADC4-D763-4FDE-869D-4A5CDB1EC1DD}.Release|Any CPU.Build.0 = Release|Any CPU
		{5C6638FE-95BD-4CAA-B267-15E418C75A3F}.Debug|Any CPU.ActiveCfg = Debug|Any CPU
		{5C6638FE-95BD-4CAA-B267-15E418C75A3F}.Debug|Any CPU.Build.0 = Debug|Any CPU
		{5C6638FE-95BD-4CAA-B267-15E418C75A3F}.Release|Any CPU.ActiveCfg = Release|Any CPU
		{5C6638FE-95BD-4CAA-B267-15E418C75A3F}.Release|Any CPU.Build.0 = Release|Any CPU
		{604A0A9E-5305-43DB-BF17-1D051DF4E393}.Debug|Any CPU.ActiveCfg = Debug|Any CPU
		{604A0A9E-5305-43DB-BF17-1D051DF4E393}.Debug|Any CPU.Build.0 = Debug|Any CPU
		{604A0A9E-5305-43DB-BF17-1D051DF4E393}.Release|Any CPU.ActiveCfg = Release|Any CPU
		{604A0A9E-5305-43DB-BF17-1D051DF4E393}.Release|Any CPU.Build.0 = Release|Any CPU
		{5A45A988-8933-40A3-9003-72C0A568BE7B}.Debug|Any CPU.ActiveCfg = Debug|Any CPU
		{5A45A988-8933-40A3-9003-72C0A568BE7B}.Debug|Any CPU.Build.0 = Debug|Any CPU
		{5A45A988-8933-40A3-9003-72C0A568BE7B}.Release|Any CPU.ActiveCfg = Release|Any CPU
		{5A45A988-8933-40A3-9003-72C0A568BE7B}.Release|Any CPU.Build.0 = Release|Any CPU
		{1EA9A753-17F2-4E14-B598-38EBE6B4E3A0}.Debug|Any CPU.ActiveCfg = Debug|Any CPU
		{1EA9A753-17F2-4E14-B598-38EBE6B4E3A0}.Debug|Any CPU.Build.0 = Debug|Any CPU
		{1EA9A753-17F2-4E14-B598-38EBE6B4E3A0}.Release|Any CPU.ActiveCfg = Release|Any CPU
		{1EA9A753-17F2-4E14-B598-38EBE6B4E3A0}.Release|Any CPU.Build.0 = Release|Any CPU
		{B9EEC8FC-D473-4477-8E51-3A249B67C50D}.Debug|Any CPU.ActiveCfg = Debug|Any CPU
		{B9EEC8FC-D473-4477-8E51-3A249B67C50D}.Debug|Any CPU.Build.0 = Debug|Any CPU
		{B9EEC8FC-D473-4477-8E51-3A249B67C50D}.Release|Any CPU.ActiveCfg = Release|Any CPU
		{B9EEC8FC-D473-4477-8E51-3A249B67C50D}.Release|Any CPU.Build.0 = Release|Any CPU
		{34EE1033-B088-4E60-8BBB-74E85289EEFA}.Debug|Any CPU.ActiveCfg = Debug|Any CPU
		{34EE1033-B088-4E60-8BBB-74E85289EEFA}.Debug|Any CPU.Build.0 = Debug|Any CPU
		{34EE1033-B088-4E60-8BBB-74E85289EEFA}.Release|Any CPU.ActiveCfg = Release|Any CPU
		{34EE1033-B088-4E60-8BBB-74E85289EEFA}.Release|Any CPU.Build.0 = Release|Any CPU
		{B2DCE99A-7D4C-4079-A3AA-27252967EB6F}.Debug|Any CPU.ActiveCfg = Debug|Any CPU
		{B2DCE99A-7D4C-4079-A3AA-27252967EB6F}.Debug|Any CPU.Build.0 = Debug|Any CPU
		{B2DCE99A-7D4C-4079-A3AA-27252967EB6F}.Release|Any CPU.ActiveCfg = Release|Any CPU
		{B2DCE99A-7D4C-4079-A3AA-27252967EB6F}.Release|Any CPU.Build.0 = Release|Any CPU
		{93DD32A8-575F-455B-915A-998E7399730E}.Debug|Any CPU.ActiveCfg = Debug|Any CPU
		{93DD32A8-575F-455B-915A-998E7399730E}.Debug|Any CPU.Build.0 = Debug|Any CPU
		{93DD32A8-575F-455B-915A-998E7399730E}.Release|Any CPU.ActiveCfg = Release|Any CPU
		{93DD32A8-575F-455B-915A-998E7399730E}.Release|Any CPU.Build.0 = Release|Any CPU
		{F9F8433C-759A-42E0-945F-3B8C687151AF}.Debug|Any CPU.ActiveCfg = Debug|Any CPU
		{F9F8433C-759A-42E0-945F-3B8C687151AF}.Debug|Any CPU.Build.0 = Debug|Any CPU
		{F9F8433C-759A-42E0-945F-3B8C687151AF}.Release|Any CPU.ActiveCfg = Release|Any CPU
		{F9F8433C-759A-42E0-945F-3B8C687151AF}.Release|Any CPU.Build.0 = Release|Any CPU
		{797E2432-C36D-497E-A44C-A328200D32A3}.Debug|Any CPU.ActiveCfg = Debug|Any CPU
		{797E2432-C36D-497E-A44C-A328200D32A3}.Debug|Any CPU.Build.0 = Debug|Any CPU
		{797E2432-C36D-497E-A44C-A328200D32A3}.Release|Any CPU.ActiveCfg = Release|Any CPU
		{797E2432-C36D-497E-A44C-A328200D32A3}.Release|Any CPU.Build.0 = Release|Any CPU
		{2C5B9824-1606-4C3D-A315-CA1FF4274B73}.Debug|Any CPU.ActiveCfg = Debug|Any CPU
		{2C5B9824-1606-4C3D-A315-CA1FF4274B73}.Debug|Any CPU.Build.0 = Debug|Any CPU
		{2C5B9824-1606-4C3D-A315-CA1FF4274B73}.Release|Any CPU.ActiveCfg = Release|Any CPU
		{2C5B9824-1606-4C3D-A315-CA1FF4274B73}.Release|Any CPU.Build.0 = Release|Any CPU
		{54E94A1E-2AB5-4AC2-A96D-E919E330E96F}.Debug|Any CPU.ActiveCfg = Debug|Any CPU
		{54E94A1E-2AB5-4AC2-A96D-E919E330E96F}.Debug|Any CPU.Build.0 = Debug|Any CPU
		{54E94A1E-2AB5-4AC2-A96D-E919E330E96F}.Release|Any CPU.ActiveCfg = Release|Any CPU
		{54E94A1E-2AB5-4AC2-A96D-E919E330E96F}.Release|Any CPU.Build.0 = Release|Any CPU
		{DEEA2582-1136-4A67-8949-B8443DF558FE}.Debug|Any CPU.ActiveCfg = Debug|Any CPU
		{DEEA2582-1136-4A67-8949-B8443DF558FE}.Debug|Any CPU.Build.0 = Debug|Any CPU
		{DEEA2582-1136-4A67-8949-B8443DF558FE}.Release|Any CPU.ActiveCfg = Release|Any CPU
		{DEEA2582-1136-4A67-8949-B8443DF558FE}.Release|Any CPU.Build.0 = Release|Any CPU
		{6C5A07E8-D01E-4876-9D82-26328FA7A310}.Debug|Any CPU.ActiveCfg = Debug|Any CPU
		{6C5A07E8-D01E-4876-9D82-26328FA7A310}.Debug|Any CPU.Build.0 = Debug|Any CPU
		{6C5A07E8-D01E-4876-9D82-26328FA7A310}.Release|Any CPU.ActiveCfg = Release|Any CPU
		{6C5A07E8-D01E-4876-9D82-26328FA7A310}.Release|Any CPU.Build.0 = Release|Any CPU
		{23F20A45-BF52-4DC9-B921-52494943AD64}.Debug|Any CPU.ActiveCfg = Debug|Any CPU
		{23F20A45-BF52-4DC9-B921-52494943AD64}.Debug|Any CPU.Build.0 = Debug|Any CPU
		{23F20A45-BF52-4DC9-B921-52494943AD64}.Release|Any CPU.ActiveCfg = Release|Any CPU
		{23F20A45-BF52-4DC9-B921-52494943AD64}.Release|Any CPU.Build.0 = Release|Any CPU
		{05CDAF38-843C-4357-875C-560D6C3E5F3D}.Debug|Any CPU.ActiveCfg = Debug|Any CPU
		{05CDAF38-843C-4357-875C-560D6C3E5F3D}.Debug|Any CPU.Build.0 = Debug|Any CPU
		{05CDAF38-843C-4357-875C-560D6C3E5F3D}.Release|Any CPU.ActiveCfg = Release|Any CPU
		{05CDAF38-843C-4357-875C-560D6C3E5F3D}.Release|Any CPU.Build.0 = Release|Any CPU
	EndGlobalSection
	GlobalSection(SolutionProperties) = preSolution
		HideSolutionNode = FALSE
	EndGlobalSection
	GlobalSection(NestedProjects) = preSolution
		{CC0E82E3-0816-4DC0-B2D9-F4D8E37908E9} = {5E301EB3-5AD0-4857-A05F-79284145D34D}
		{88ACFDB7-1133-4319-8CCB-F308946044E2} = {A12F2B06-8AEB-45ED-9246-8FBDBF401AFD}
		{8EC254A5-B45E-4367-9AD1-9B5285981828} = {A12F2B06-8AEB-45ED-9246-8FBDBF401AFD}
		{2FDD516B-1D54-4A9D-8708-BABFF872E3A4} = {5B678F19-61D6-4CBD-A055-9F0A6103F3D8}
		{19B13D1E-B0D3-4360-AF9B-6AA88E03958E} = {5B678F19-61D6-4CBD-A055-9F0A6103F3D8}
		{8BD0B74F-608F-402C-ABC2-99BE7025108A} = {AC7BA8F9-A6E5-408F-A879-D1223EB2AC30}
		{738EBAB5-174E-45EF-A124-53106392F106} = {ED406C41-EFC8-4C70-AB19-1DC94B2E5A04}
		{DC4E1320-BAD0-44D4-8CED-4AD06585AE7D} = {ED406C41-EFC8-4C70-AB19-1DC94B2E5A04}
		{5A1D339E-64D2-4D39-9021-A7A6AC9020A4} = {ED406C41-EFC8-4C70-AB19-1DC94B2E5A04}
		{CE79D21F-93F8-4786-AC5A-FC06A1B92D71} = {A96C58A8-647F-4CA3-A78A-D6F9A25F35CB}
		{F02F6EE1-35B7-4B95-B8DB-16BE778DE4E0} = {51AD13C4-F159-4DEB-9548-7CD4E18F9CC3}
		{372E8867-F90B-4D86-B236-D047EBBFE41B} = {51AD13C4-F159-4DEB-9548-7CD4E18F9CC3}
		{536A9643-821A-42A1-88F3-96A86B0EB8C7} = {51AD13C4-F159-4DEB-9548-7CD4E18F9CC3}
		{EB9C2708-6673-4F66-BBEF-90907A945C73} = {51AD13C4-F159-4DEB-9548-7CD4E18F9CC3}
		{3C536E19-278A-473C-BF09-6745BA38A46C} = {51AD13C4-F159-4DEB-9548-7CD4E18F9CC3}
		{EB0DADC4-D763-4FDE-869D-4A5CDB1EC1DD} = {5E301EB3-5AD0-4857-A05F-79284145D34D}
		{604A0A9E-5305-43DB-BF17-1D051DF4E393} = {F964B103-A85D-4894-89E8-E3835D02ACAD}
		{5A45A988-8933-40A3-9003-72C0A568BE7B} = {F964B103-A85D-4894-89E8-E3835D02ACAD}
		{1EA9A753-17F2-4E14-B598-38EBE6B4E3A0} = {5E301EB3-5AD0-4857-A05F-79284145D34D}
		{B9EEC8FC-D473-4477-8E51-3A249B67C50D} = {8DF7966E-52BD-4846-829C-30045B345913}
		{34EE1033-B088-4E60-8BBB-74E85289EEFA} = {F964B103-A85D-4894-89E8-E3835D02ACAD}
		{B2DCE99A-7D4C-4079-A3AA-27252967EB6F} = {631EEE8D-C0CB-437C-B7F1-F97C9BC28BCF}
		{93DD32A8-575F-455B-915A-998E7399730E} = {631EEE8D-C0CB-437C-B7F1-F97C9BC28BCF}
		{F9F8433C-759A-42E0-945F-3B8C687151AF} = {51AD13C4-F159-4DEB-9548-7CD4E18F9CC3}
		{797E2432-C36D-497E-A44C-A328200D32A3} = {631EEE8D-C0CB-437C-B7F1-F97C9BC28BCF}
		{2C5B9824-1606-4C3D-A315-CA1FF4274B73} = {631EEE8D-C0CB-437C-B7F1-F97C9BC28BCF}
		{54E94A1E-2AB5-4AC2-A96D-E919E330E96F} = {F964B103-A85D-4894-89E8-E3835D02ACAD}
		{DEEA2582-1136-4A67-8949-B8443DF558FE} = {5E301EB3-5AD0-4857-A05F-79284145D34D}
		{6C5A07E8-D01E-4876-9D82-26328FA7A310} = {51AD13C4-F159-4DEB-9548-7CD4E18F9CC3}
		{23F20A45-BF52-4DC9-B921-52494943AD64} = {ED406C41-EFC8-4C70-AB19-1DC94B2E5A04}
		{05CDAF38-843C-4357-875C-560D6C3E5F3D} = {5E301EB3-5AD0-4857-A05F-79284145D34D}
	EndGlobalSection
	GlobalSection(ExtensibilityGlobals) = postSolution
		SolutionGuid = {B63A603C-4858-49FB-AAEA-C11100FB980B}
	EndGlobalSection
EndGlobal
