Microsoft Visual Studio Solution File, Format Version 12.00
# Visual Studio Version 17
VisualStudioVersion = 17.4.33213.308
MinimumVisualStudioVersion = 16.0.0.0
Project("{9A19103F-16F7-4668-BE54-9A1E7A4F7556}") = "MyGame.Windows", "MyGame.Windows\MyGame.Windows.csproj", "{B54DB5A1-BEAF-4BBD-8BED-51D5DE19B0D5}"
EndProject
Project("{9A19103F-16F7-4668-BE54-9A1E7A4F7556}") = "MyGame", "MyGame\MyGame.csproj", "{064C635E-1FD2-49F4-9B0A-657623215D7E}"
EndProject
Global
	GlobalSection(SolutionConfigurationPlatforms) = preSolution
		Debug|Any CPU = Debug|Any CPU
		Packages|Any CPU = Packages|Any CPU
		Release|Any CPU = Release|Any CPU
	EndGlobalSection
	GlobalSection(ProjectConfigurationPlatforms) = postSolution
		{B54DB5A1-BEAF-4BBD-8BED-51D5DE19B0D5}.Debug|Any CPU.ActiveCfg = Debug|Any CPU
		{B54DB5A1-BEAF-4BBD-8BED-51D5DE19B0D5}.Debug|Any CPU.Build.0 = Debug|Any CPU
		{B54DB5A1-BEAF-4BBD-8BED-51D5DE19B0D5}.Packages|Any CPU.ActiveCfg = Packages|Any CPU
		{B54DB5A1-BEAF-4BBD-8BED-51D5DE19B0D5}.Packages|Any CPU.Build.0 = Packages|Any CPU
		{B54DB5A1-BEAF-4BBD-8BED-51D5DE19B0D5}.Release|Any CPU.ActiveCfg = Release|Any CPU
		{B54DB5A1-BEAF-4BBD-8BED-51D5DE19B0D5}.Release|Any CPU.Build.0 = Release|Any CPU
		{064C635E-1FD2-49F4-9B0A-657623215D7E}.Debug|Any CPU.ActiveCfg = Debug|Any CPU
		{064C635E-1FD2-49F4-9B0A-657623215D7E}.Debug|Any CPU.Build.0 = Debug|Any CPU
		{064C635E-1FD2-49F4-9B0A-657623215D7E}.Packages|Any CPU.ActiveCfg = Packages|Any CPU
		{064C635E-1FD2-49F4-9B0A-657623215D7E}.Packages|Any CPU.Build.0 = Packages|Any CPU
		{064C635E-1FD2-49F4-9B0A-657623215D7E}.Release|Any CPU.ActiveCfg = Release|Any CPU
		{064C635E-1FD2-49F4-9B0A-657623215D7E}.Release|Any CPU.Build.0 = Release|Any CPU
	EndGlobalSection
	GlobalSection(SolutionProperties) = preSolution
		HideSolutionNode = FALSE
	EndGlobalSection
	GlobalSection(ExtensibilityGlobals) = postSolution
		SolutionGuid = {D3B7D756-B415-48B2-893C-982F72F5D0B3}
	EndGlobalSection
EndGlobal
